{
  "version": 4,
  "terraform_version": "1.2.0",
  "serial": 88,
  "lineage": "02ba7719-eefc-b537-54ae-0fa751b11d50",
  "outputs": {},
  "resources": [
    {
      "mode": "managed",
      "type": "azurerm_dev_test_global_vm_shutdown_schedule",
      "name": "rg",
      "provider": "provider[\"registry.terraform.io/hashicorp/azurerm\"]",
      "instances": [
        {
          "index_key": "Back",
          "schema_version": 0,
          "attributes": {
            "daily_recurrence_time": "2030",
            "enabled": true,
            "id": "/subscriptions/1a83802e-1293-4ed4-a813-ebb875d6a431/resourcegroups/ciber-terraform/providers/microsoft.devtestlab/schedules/shutdown-computevm-back",
            "location": "northeurope",
            "notification_settings": [
              {
                "enabled": false,
                "time_in_minutes": 30,
                "webhook_url": ""
              }
            ],
            "tags": null,
            "timeouts": null,
            "timezone": "Romance Standard Time",
            "virtual_machine_id": "/subscriptions/1a83802e-1293-4ed4-a813-ebb875d6a431/resourceGroups/ciber-terraform/providers/Microsoft.Compute/virtualMachines/Back"
          },
          "sensitive_attributes": [],
          "private": "eyJlMmJmYjczMC1lY2FhLTExZTYtOGY4OC0zNDM2M2JjN2M0YzAiOnsiY3JlYXRlIjoxODAwMDAwMDAwMDAwLCJkZWxldGUiOjE4MDAwMDAwMDAwMDAsInJlYWQiOjMwMDAwMDAwMDAwMCwidXBkYXRlIjoxODAwMDAwMDAwMDAwfX0=",
          "dependencies": [
            "azurerm_network_interface.http",
            "azurerm_public_ip.http",
            "azurerm_resource_group.ciber-terraform",
            "azurerm_subnet.http",
            "azurerm_virtual_machine.http",
            "azurerm_virtual_network.generic"
          ]
        },
        {
          "index_key": "Frontal",
          "schema_version": 0,
          "attributes": {
            "daily_recurrence_time": "2030",
            "enabled": true,
            "id": "/subscriptions/1a83802e-1293-4ed4-a813-ebb875d6a431/resourcegroups/ciber-terraform/providers/microsoft.devtestlab/schedules/shutdown-computevm-frontal",
            "location": "northeurope",
            "notification_settings": [
              {
                "enabled": false,
                "time_in_minutes": 30,
                "webhook_url": ""
              }
            ],
            "tags": null,
            "timeouts": null,
            "timezone": "Romance Standard Time",
            "virtual_machine_id": "/subscriptions/1a83802e-1293-4ed4-a813-ebb875d6a431/resourceGroups/ciber-terraform/providers/Microsoft.Compute/virtualMachines/Frontal"
          },
          "sensitive_attributes": [],
          "private": "eyJlMmJmYjczMC1lY2FhLTExZTYtOGY4OC0zNDM2M2JjN2M0YzAiOnsiY3JlYXRlIjoxODAwMDAwMDAwMDAwLCJkZWxldGUiOjE4MDAwMDAwMDAwMDAsInJlYWQiOjMwMDAwMDAwMDAwMCwidXBkYXRlIjoxODAwMDAwMDAwMDAwfX0=",
          "dependencies": [
            "azurerm_network_interface.http",
            "azurerm_public_ip.http",
            "azurerm_resource_group.ciber-terraform",
            "azurerm_subnet.http",
            "azurerm_virtual_machine.http",
            "azurerm_virtual_network.generic"
          ]
        }
      ]
    },
    {
      "mode": "managed",
      "type": "azurerm_network_interface",
      "name": "http",
      "provider": "provider[\"registry.terraform.io/hashicorp/azurerm\"]",
      "instances": [
        {
          "index_key": "Back",
          "schema_version": 0,
          "attributes": {
            "applied_dns_servers": [],
            "dns_servers": [],
            "enable_accelerated_networking": false,
            "enable_ip_forwarding": false,
            "id": "/subscriptions/1a83802e-1293-4ed4-a813-ebb875d6a431/resourceGroups/ciber-terraform/providers/Microsoft.Network/networkInterfaces/Back-nic",
            "internal_dns_name_label": "",
            "internal_domain_name_suffix": "u0mefei20bmu3iajofajr4texc.fx.internal.cloudapp.net",
            "ip_configuration": [
              {
                "name": "terraformBack",
                "primary": true,
                "private_ip_address": "10.0.2.4",
                "private_ip_address_allocation": "Dynamic",
                "private_ip_address_version": "IPv4",
                "public_ip_address_id": "/subscriptions/1a83802e-1293-4ed4-a813-ebb875d6a431/resourceGroups/ciber-terraform/providers/Microsoft.Network/publicIPAddresses/Back-ip",
                "subnet_id": "/subscriptions/1a83802e-1293-4ed4-a813-ebb875d6a431/resourceGroups/ciber-terraform/providers/Microsoft.Network/virtualNetworks/network-terraform/subnets/subnet-terraform"
              }
            ],
            "location": "northeurope",
            "mac_address": "",
            "name": "Back-nic",
            "private_ip_address": "10.0.2.4",
            "private_ip_addresses": [
              "10.0.2.4"
            ],
            "resource_group_name": "ciber-terraform",
            "tags": null,
            "timeouts": null,
            "virtual_machine_id": ""
          },
          "sensitive_attributes": [],
          "private": "eyJlMmJmYjczMC1lY2FhLTExZTYtOGY4OC0zNDM2M2JjN2M0YzAiOnsiY3JlYXRlIjoxODAwMDAwMDAwMDAwLCJkZWxldGUiOjE4MDAwMDAwMDAwMDAsInJlYWQiOjMwMDAwMDAwMDAwMCwidXBkYXRlIjoxODAwMDAwMDAwMDAwfX0=",
          "dependencies": [
            "azurerm_public_ip.http",
            "azurerm_resource_group.ciber-terraform",
            "azurerm_subnet.http",
            "azurerm_virtual_network.generic"
          ]
        },
        {
          "index_key": "Frontal",
          "schema_version": 0,
          "attributes": {
            "applied_dns_servers": [],
            "dns_servers": [],
            "enable_accelerated_networking": false,
            "enable_ip_forwarding": false,
            "id": "/subscriptions/1a83802e-1293-4ed4-a813-ebb875d6a431/resourceGroups/ciber-terraform/providers/Microsoft.Network/networkInterfaces/Frontal-nic",
            "internal_dns_name_label": "",
            "internal_domain_name_suffix": "u0mefei20bmu3iajofajr4texc.fx.internal.cloudapp.net",
            "ip_configuration": [
              {
                "name": "terraformFrontal",
                "primary": true,
                "private_ip_address": "10.0.2.5",
                "private_ip_address_allocation": "Dynamic",
                "private_ip_address_version": "IPv4",
                "public_ip_address_id": "/subscriptions/1a83802e-1293-4ed4-a813-ebb875d6a431/resourceGroups/ciber-terraform/providers/Microsoft.Network/publicIPAddresses/Frontal-ip",
                "subnet_id": "/subscriptions/1a83802e-1293-4ed4-a813-ebb875d6a431/resourceGroups/ciber-terraform/providers/Microsoft.Network/virtualNetworks/network-terraform/subnets/subnet-terraform"
              }
            ],
            "location": "northeurope",
            "mac_address": "",
            "name": "Frontal-nic",
            "private_ip_address": "10.0.2.5",
            "private_ip_addresses": [
              "10.0.2.5"
            ],
            "resource_group_name": "ciber-terraform",
            "tags": null,
            "timeouts": null,
            "virtual_machine_id": ""
          },
          "sensitive_attributes": [],
          "private": "eyJlMmJmYjczMC1lY2FhLTExZTYtOGY4OC0zNDM2M2JjN2M0YzAiOnsiY3JlYXRlIjoxODAwMDAwMDAwMDAwLCJkZWxldGUiOjE4MDAwMDAwMDAwMDAsInJlYWQiOjMwMDAwMDAwMDAwMCwidXBkYXRlIjoxODAwMDAwMDAwMDAwfX0=",
          "dependencies": [
            "azurerm_public_ip.http",
            "azurerm_resource_group.ciber-terraform",
            "azurerm_subnet.http",
            "azurerm_virtual_network.generic"
          ]
        }
      ]
    },
    {
      "mode": "managed",
      "type": "azurerm_network_security_group",
      "name": "http",
      "provider": "provider[\"registry.terraform.io/hashicorp/azurerm\"]",
      "instances": [
        {
          "schema_version": 0,
          "attributes": {
            "id": "/subscriptions/1a83802e-1293-4ed4-a813-ebb875d6a431/resourceGroups/ciber-terraform/providers/Microsoft.Network/networkSecurityGroups/http",
            "location": "northeurope",
            "name": "http",
            "resource_group_name": "ciber-terraform",
            "security_rule": [
              {
                "access": "Allow",
                "description": "Allow SSH access TF",
                "destination_address_prefix": "*",
                "destination_address_prefixes": [],
                "destination_application_security_group_ids": [],
                "destination_port_range": "22",
                "destination_port_ranges": [],
                "direction": "Inbound",
                "name": "ssh",
                "priority": 100,
                "protocol": "Tcp",
                "source_address_prefix": "*",
                "source_address_prefixes": [],
                "source_application_security_group_ids": [],
                "source_port_range": "*",
                "source_port_ranges": []
              },
              {
                "access": "Allow",
                "description": "Allow hHTTP access",
                "destination_address_prefix": "*",
                "destination_address_prefixes": [],
                "destination_application_security_group_ids": [],
                "destination_port_range": "80",
                "destination_port_ranges": [],
                "direction": "Inbound",
                "name": "http",
                "priority": 110,
                "protocol": "Tcp",
                "source_address_prefix": "*",
                "source_address_prefixes": [],
                "source_application_security_group_ids": [],
                "source_port_range": "*",
                "source_port_ranges": []
              }
            ],
            "tags": null,
            "timeouts": null
          },
          "sensitive_attributes": [],
          "private": "eyJlMmJmYjczMC1lY2FhLTExZTYtOGY4OC0zNDM2M2JjN2M0YzAiOnsiY3JlYXRlIjoxODAwMDAwMDAwMDAwLCJkZWxldGUiOjE4MDAwMDAwMDAwMDAsInJlYWQiOjMwMDAwMDAwMDAwMCwidXBkYXRlIjoxODAwMDAwMDAwMDAwfX0=",
          "dependencies": [
            "azurerm_resource_group.ciber-terraform"
          ]
        }
      ]
    },
    {
      "mode": "managed",
      "type": "azurerm_public_ip",
      "name": "http",
      "provider": "provider[\"registry.terraform.io/hashicorp/azurerm\"]",
      "instances": [
        {
          "index_key": "Back",
          "schema_version": 0,
          "attributes": {
            "allocation_method": "Static",
            "domain_name_label": null,
            "fqdn": null,
            "id": "/subscriptions/1a83802e-1293-4ed4-a813-ebb875d6a431/resourceGroups/ciber-terraform/providers/Microsoft.Network/publicIPAddresses/Back-ip",
            "idle_timeout_in_minutes": 4,
            "ip_address": "20.234.83.233",
            "ip_version": "IPv4",
            "location": "northeurope",
            "name": "Back-ip",
            "public_ip_prefix_id": null,
            "resource_group_name": "ciber-terraform",
            "reverse_fqdn": null,
            "sku": "Basic",
            "tags": {
              "environment": "Terraform"
            },
            "timeouts": null,
            "zones": null
          },
          "sensitive_attributes": [],
          "private": "eyJlMmJmYjczMC1lY2FhLTExZTYtOGY4OC0zNDM2M2JjN2M0YzAiOnsiY3JlYXRlIjoxODAwMDAwMDAwMDAwLCJkZWxldGUiOjE4MDAwMDAwMDAwMDAsInJlYWQiOjMwMDAwMDAwMDAwMCwidXBkYXRlIjoxODAwMDAwMDAwMDAwfX0=",
          "dependencies": [
            "azurerm_resource_group.ciber-terraform"
          ]
        },
        {
          "index_key": "Frontal",
          "schema_version": 0,
          "attributes": {
            "allocation_method": "Static",
            "domain_name_label": null,
            "fqdn": null,
            "id": "/subscriptions/1a83802e-1293-4ed4-a813-ebb875d6a431/resourceGroups/ciber-terraform/providers/Microsoft.Network/publicIPAddresses/Frontal-ip",
            "idle_timeout_in_minutes": 4,
            "ip_address": "20.234.85.27",
            "ip_version": "IPv4",
            "location": "northeurope",
            "name": "Frontal-ip",
            "public_ip_prefix_id": null,
            "resource_group_name": "ciber-terraform",
            "reverse_fqdn": null,
            "sku": "Basic",
            "tags": {
              "environment": "Terraform"
            },
            "timeouts": null,
            "zones": null
          },
          "sensitive_attributes": [],
          "private": "eyJlMmJmYjczMC1lY2FhLTExZTYtOGY4OC0zNDM2M2JjN2M0YzAiOnsiY3JlYXRlIjoxODAwMDAwMDAwMDAwLCJkZWxldGUiOjE4MDAwMDAwMDAwMDAsInJlYWQiOjMwMDAwMDAwMDAwMCwidXBkYXRlIjoxODAwMDAwMDAwMDAwfX0=",
          "dependencies": [
            "azurerm_resource_group.ciber-terraform"
          ]
        }
      ]
    },
    {
      "mode": "managed",
      "type": "azurerm_resource_group",
      "name": "ciber-terraform",
      "provider": "provider[\"registry.terraform.io/hashicorp/azurerm\"]",
      "instances": [
        {
          "schema_version": 0,
          "attributes": {
            "id": "/subscriptions/1a83802e-1293-4ed4-a813-ebb875d6a431/resourceGroups/ciber-terraform",
            "location": "northeurope",
            "name": "ciber-terraform",
            "tags": null,
            "timeouts": null
          },
          "sensitive_attributes": [],
          "private": "eyJlMmJmYjczMC1lY2FhLTExZTYtOGY4OC0zNDM2M2JjN2M0YzAiOnsiY3JlYXRlIjo1NDAwMDAwMDAwMDAwLCJkZWxldGUiOjU0MDAwMDAwMDAwMDAsInJlYWQiOjMwMDAwMDAwMDAwMCwidXBkYXRlIjo1NDAwMDAwMDAwMDAwfX0="
        }
      ]
    },
    {
      "mode": "managed",
      "type": "azurerm_resource_group",
      "name": "name",
      "provider": "provider[\"registry.terraform.io/hashicorp/azurerm\"]",
      "instances": [
        {
          "schema_version": 0,
          "attributes": {
            "id": "/subscriptions/1a83802e-1293-4ed4-a813-ebb875d6a431/resourceGroups/ciber-terraform",
            "location": "northeurope",
            "name": "ciber-terraform",
            "tags": null,
            "timeouts": null
          },
          "sensitive_attributes": [],
          "private": "eyJlMmJmYjczMC1lY2FhLTExZTYtOGY4OC0zNDM2M2JjN2M0YzAiOnsiY3JlYXRlIjo1NDAwMDAwMDAwMDAwLCJkZWxldGUiOjU0MDAwMDAwMDAwMDAsInJlYWQiOjMwMDAwMDAwMDAwMCwidXBkYXRlIjo1NDAwMDAwMDAwMDAwfX0="
        }
      ]
    },
    {
      "mode": "managed",
      "type": "azurerm_resource_group",
      "name": "tfstate",
      "provider": "provider[\"registry.terraform.io/hashicorp/azurerm\"]",
      "instances": [
        {
          "schema_version": 0,
          "attributes": {
            "id": "/subscriptions/1a83802e-1293-4ed4-a813-ebb875d6a431/resourceGroups/tfstate",
            "location": "northeurope",
            "name": "tfstate",
            "tags": null,
            "timeouts": null
          },
          "sensitive_attributes": [],
          "private": "eyJlMmJmYjczMC1lY2FhLTExZTYtOGY4OC0zNDM2M2JjN2M0YzAiOnsiY3JlYXRlIjo1NDAwMDAwMDAwMDAwLCJkZWxldGUiOjU0MDAwMDAwMDAwMDAsInJlYWQiOjMwMDAwMDAwMDAwMCwidXBkYXRlIjo1NDAwMDAwMDAwMDAwfX0="
        }
      ]
    },
    {
      "mode": "managed",
      "type": "azurerm_storage_account",
      "name": "tfstate",
      "provider": "provider[\"registry.terraform.io/hashicorp/azurerm\"]",
      "instances": [
        {
          "schema_version": 2,
          "attributes": {
            "access_tier": "Hot",
            "account_kind": "StorageV2",
            "account_replication_type": "LRS",
            "account_tier": "Standard",
            "allow_blob_public_access": true,
            "blob_properties": [],
            "custom_domain": [],
            "enable_https_traffic_only": true,
            "id": "/subscriptions/1a83802e-1293-4ed4-a813-ebb875d6a431/resourceGroups/tfstate/providers/Microsoft.Storage/storageAccounts/tfstatef56lq",
            "identity": [],
            "is_hns_enabled": false,
            "large_file_share_enabled": null,
            "location": "northeurope",
            "min_tls_version": "TLS1_0",
            "name": "tfstatef56lq",
            "network_rules": [
              {
                "bypass": [
                  "AzureServices"
                ],
                "default_action": "Allow",
                "ip_rules": [],
                "virtual_network_subnet_ids": []
              }
            ],
            "primary_access_key": "6k6VsPVUP9FzPcMiZxq6nbT9pzRSt1CuqHnlAQ2kzg96fCtj+7yRxsvry152vWDzHoDZy520RfFK+AStIVAk/w==",
            "primary_blob_connection_string": "DefaultEndpointsProtocol=https;BlobEndpoint=https://tfstatef56lq.blob.core.windows.net/;AccountName=tfstatef56lq;AccountKey=6k6VsPVUP9FzPcMiZxq6nbT9pzRSt1CuqHnlAQ2kzg96fCtj+7yRxsvry152vWDzHoDZy520RfFK+AStIVAk/w==",
            "primary_blob_endpoint": "https://tfstatef56lq.blob.core.windows.net/",
            "primary_blob_host": "tfstatef56lq.blob.core.windows.net",
            "primary_connection_string": "DefaultEndpointsProtocol=https;AccountName=tfstatef56lq;AccountKey=6k6VsPVUP9FzPcMiZxq6nbT9pzRSt1CuqHnlAQ2kzg96fCtj+7yRxsvry152vWDzHoDZy520RfFK+AStIVAk/w==;EndpointSuffix=core.windows.net",
            "primary_dfs_endpoint": "https://tfstatef56lq.dfs.core.windows.net/",
            "primary_dfs_host": "tfstatef56lq.dfs.core.windows.net",
            "primary_file_endpoint": "https://tfstatef56lq.file.core.windows.net/",
            "primary_file_host": "tfstatef56lq.file.core.windows.net",
            "primary_location": "northeurope",
            "primary_queue_endpoint": "https://tfstatef56lq.queue.core.windows.net/",
            "primary_queue_host": "tfstatef56lq.queue.core.windows.net",
            "primary_table_endpoint": "https://tfstatef56lq.table.core.windows.net/",
            "primary_table_host": "tfstatef56lq.table.core.windows.net",
            "primary_web_endpoint": "https://tfstatef56lq.z16.web.core.windows.net/",
            "primary_web_host": "tfstatef56lq.z16.web.core.windows.net",
            "queue_properties": [
              {
                "cors_rule": [],
                "hour_metrics": [
                  {
                    "enabled": true,
                    "include_apis": true,
                    "retention_policy_days": 7,
                    "version": "1.0"
                  }
                ],
                "logging": [
                  {
                    "delete": false,
                    "read": false,
                    "retention_policy_days": 0,
                    "version": "1.0",
                    "write": false
                  }
                ],
                "minute_metrics": [
                  {
                    "enabled": false,
                    "include_apis": false,
                    "retention_policy_days": 0,
                    "version": "1.0"
                  }
                ]
              }
            ],
            "resource_group_name": "tfstate",
            "secondary_access_key": "HdFDuwAx5jd0G2jwygoAMz574d/KKJDn1nwdxaNCsF5YlP3MOmf9gmGlR844JTrIdA4SyAKx75Ua+AStJCjXGQ==",
            "secondary_blob_connection_string": "",
            "secondary_blob_endpoint": null,
            "secondary_blob_host": null,
            "secondary_connection_string": "DefaultEndpointsProtocol=https;AccountName=tfstatef56lq;AccountKey=HdFDuwAx5jd0G2jwygoAMz574d/KKJDn1nwdxaNCsF5YlP3MOmf9gmGlR844JTrIdA4SyAKx75Ua+AStJCjXGQ==;EndpointSuffix=core.windows.net",
            "secondary_dfs_endpoint": null,
            "secondary_dfs_host": null,
            "secondary_file_endpoint": null,
            "secondary_file_host": null,
            "secondary_location": "",
            "secondary_queue_endpoint": null,
            "secondary_queue_host": null,
            "secondary_table_endpoint": null,
            "secondary_table_host": null,
            "secondary_web_endpoint": null,
            "secondary_web_host": null,
            "static_website": [],
            "tags": {
              "environment": "staging"
            },
            "timeouts": null
          },
          "sensitive_attributes": [],
          "private": "eyJlMmJmYjczMC1lY2FhLTExZTYtOGY4OC0zNDM2M2JjN2M0YzAiOnsiY3JlYXRlIjozNjAwMDAwMDAwMDAwLCJkZWxldGUiOjM2MDAwMDAwMDAwMDAsInJlYWQiOjMwMDAwMDAwMDAwMCwidXBkYXRlIjozNjAwMDAwMDAwMDAwfSwic2NoZW1hX3ZlcnNpb24iOiIyIn0=",
          "dependencies": [
            "azurerm_resource_group.tfstate",
            "random_string.resource_code"
          ]
        }
      ]
    },
    {
      "mode": "managed",
      "type": "azurerm_storage_container",
      "name": "tfstate",
      "provider": "provider[\"registry.terraform.io/hashicorp/azurerm\"]",
      "instances": [
        {
          "schema_version": 1,
          "attributes": {
            "container_access_type": "blob",
            "has_immutability_policy": false,
            "has_legal_hold": false,
            "id": "https://tfstatef56lq.blob.core.windows.net/tfstate",
            "metadata": {},
            "name": "tfstate",
            "resource_manager_id": "/subscriptions/1a83802e-1293-4ed4-a813-ebb875d6a431/resourceGroups/tfstate/providers/Microsoft.Storage/storageAccounts/tfstatef56lq/blobServices/default/containers/tfstate",
            "storage_account_name": "tfstatef56lq",
            "timeouts": null
          },
          "sensitive_attributes": [],
          "private": "eyJlMmJmYjczMC1lY2FhLTExZTYtOGY4OC0zNDM2M2JjN2M0YzAiOnsiY3JlYXRlIjoxODAwMDAwMDAwMDAwLCJkZWxldGUiOjE4MDAwMDAwMDAwMDAsInJlYWQiOjMwMDAwMDAwMDAwMCwidXBkYXRlIjoxODAwMDAwMDAwMDAwfSwic2NoZW1hX3ZlcnNpb24iOiIxIn0=",
          "dependencies": [
            "azurerm_resource_group.tfstate",
            "azurerm_storage_account.tfstate",
            "random_string.resource_code"
          ]
        }
      ]
    },
    {
      "mode": "managed",
      "type": "azurerm_subnet",
      "name": "http",
      "provider": "provider[\"registry.terraform.io/hashicorp/azurerm\"]",
      "instances": [
        {
          "schema_version": 0,
          "attributes": {
            "address_prefix": "10.0.2.0/24",
            "address_prefixes": [
              "10.0.2.0/24"
            ],
            "delegation": [],
            "enforce_private_link_endpoint_network_policies": false,
            "enforce_private_link_service_network_policies": false,
            "id": "/subscriptions/1a83802e-1293-4ed4-a813-ebb875d6a431/resourceGroups/ciber-terraform/providers/Microsoft.Network/virtualNetworks/network-terraform/subnets/subnet-terraform",
            "name": "subnet-terraform",
            "resource_group_name": "ciber-terraform",
            "service_endpoint_policy_ids": null,
            "service_endpoints": null,
            "timeouts": null,
            "virtual_network_name": "network-terraform"
          },
          "sensitive_attributes": [],
          "private": "eyJlMmJmYjczMC1lY2FhLTExZTYtOGY4OC0zNDM2M2JjN2M0YzAiOnsiY3JlYXRlIjoxODAwMDAwMDAwMDAwLCJkZWxldGUiOjE4MDAwMDAwMDAwMDAsInJlYWQiOjMwMDAwMDAwMDAwMCwidXBkYXRlIjoxODAwMDAwMDAwMDAwfX0=",
          "dependencies": [
            "azurerm_resource_group.ciber-terraform",
            "azurerm_virtual_network.generic"
          ]
        }
      ]
    },
    {
      "mode": "managed",
      "type": "azurerm_virtual_machine",
      "name": "http",
      "provider": "provider[\"registry.terraform.io/hashicorp/azurerm\"]",
      "instances": [
        {
          "index_key": "Back",
          "schema_version": 0,
          "attributes": {
            "additional_capabilities": [],
            "availability_set_id": null,
            "boot_diagnostics": [],
            "delete_data_disks_on_termination": true,
            "delete_os_disk_on_termination": true,
            "id": "/subscriptions/1a83802e-1293-4ed4-a813-ebb875d6a431/resourceGroups/ciber-terraform/providers/Microsoft.Compute/virtualMachines/Back",
            "identity": [],
            "license_type": null,
            "location": "northeurope",
            "name": "Back",
            "network_interface_ids": [
              "/subscriptions/1a83802e-1293-4ed4-a813-ebb875d6a431/resourceGroups/ciber-terraform/providers/Microsoft.Network/networkInterfaces/Back-nic"
            ],
            "os_profile": [
              {
                "admin_password": "",
                "admin_username": "ubuntu",
                "computer_name": "Back",
                "custom_data": ""
              }
            ],
            "os_profile_linux_config": [
              {
                "disable_password_authentication": false,
                "ssh_keys": [
                  {
                    "key_data": "ssh-rsa AAAAB3NzaC1yc2EAAAADAQABAAABgQDEr9gnCo2uLsf/mgJegD3CgCk1X5QXhVSeWf0DvRSveaKGElpgyyMfL0pFmxny8sZRD71gobMtF63gpVmZeA8GDjJOpHAsMW5iQyFsQqEInMEiWvhB86+RvcGXwZLnll7sz+tCNnv7zqZconSGP/w4VuXjW7t2EzYPm95x4IArGVW9ZGY5bFpU68qm2XTFWHeTZTndtLS4k+TJIENkTtb835JAiuZQSD8WBOMyAzOKfJZeZWOXAzjtFu5ubmNJ6CItu5PQJzAUTQGSNgMNDkZHS5N7AESeMN6Q0eci+AfYqw44NC/p2yMD/wEDUmVMhoZCbBS4mnPkIHlymr3I88NI2IU17bzpOYKTyuOI+SHIpHL9VSWNAdsL72iUKDX0CYWSzKPQyNn5aJvs5euP0/OWgggTZ/yJ3nZkOYV/qzkm5IaN2TpXBn0CpD7szCTGKbpnADaL4HnsGcggJ+FNy2jb9AkxMs5V8rvgnb47kNAHVu4vqj8Q74DrAbftejgFpyE= generated-by-azure",
                    "path": "/home/ubuntu/.ssh/authorized_keys"
                  }
                ]
              }
            ],
            "os_profile_secrets": [],
            "os_profile_windows_config": [],
            "plan": [],
            "primary_network_interface_id": null,
            "proximity_placement_group_id": null,
            "resource_group_name": "ciber-terraform",
            "storage_data_disk": [],
            "storage_image_reference": [
              {
                "id": "",
                "offer": "0001-com-ubuntu-server-focal",
                "publisher": "Canonical",
                "sku": "20_04-lts",
                "version": "latest"
              }
            ],
            "storage_os_disk": [
              {
                "caching": "ReadWrite",
                "create_option": "FromImage",
                "disk_size_gb": 30,
                "image_uri": "",
                "managed_disk_id": "/subscriptions/1a83802e-1293-4ed4-a813-ebb875d6a431/resourceGroups/ciber-terraform/providers/Microsoft.Compute/disks/Back-osdisk1",
                "managed_disk_type": "Standard_LRS",
                "name": "Back-osdisk1",
                "os_type": "Linux",
                "vhd_uri": "",
                "write_accelerator_enabled": false
              }
            ],
            "tags": null,
            "timeouts": null,
            "vm_size": "Standard_DS1_v2",
            "zones": null
          },
          "sensitive_attributes": [],
          "private": "eyJlMmJmYjczMC1lY2FhLTExZTYtOGY4OC0zNDM2M2JjN2M0YzAiOnsiY3JlYXRlIjozNjAwMDAwMDAwMDAwLCJkZWxldGUiOjM2MDAwMDAwMDAwMDAsInJlYWQiOjMwMDAwMDAwMDAwMCwidXBkYXRlIjozNjAwMDAwMDAwMDAwfX0=",
          "dependencies": [
            "azurerm_network_interface.http",
            "azurerm_public_ip.http",
            "azurerm_resource_group.ciber-terraform",
            "azurerm_subnet.http",
            "azurerm_virtual_network.generic"
          ]
        },
        {
          "index_key": "Frontal",
          "schema_version": 0,
          "attributes": {
            "additional_capabilities": [],
            "availability_set_id": null,
            "boot_diagnostics": [],
            "delete_data_disks_on_termination": true,
            "delete_os_disk_on_termination": true,
            "id": "/subscriptions/1a83802e-1293-4ed4-a813-ebb875d6a431/resourceGroups/ciber-terraform/providers/Microsoft.Compute/virtualMachines/Frontal",
            "identity": [],
            "license_type": null,
            "location": "northeurope",
            "name": "Frontal",
            "network_interface_ids": [
              "/subscriptions/1a83802e-1293-4ed4-a813-ebb875d6a431/resourceGroups/ciber-terraform/providers/Microsoft.Network/networkInterfaces/Frontal-nic"
            ],
            "os_profile": [
              {
                "admin_password": "",
                "admin_username": "ubuntu",
                "computer_name": "Frontal",
                "custom_data": ""
              }
            ],
            "os_profile_linux_config": [
              {
                "disable_password_authentication": false,
                "ssh_keys": [
                  {
                    "key_data": "ssh-rsa AAAAB3NzaC1yc2EAAAADAQABAAABgQDEr9gnCo2uLsf/mgJegD3CgCk1X5QXhVSeWf0DvRSveaKGElpgyyMfL0pFmxny8sZRD71gobMtF63gpVmZeA8GDjJOpHAsMW5iQyFsQqEInMEiWvhB86+RvcGXwZLnll7sz+tCNnv7zqZconSGP/w4VuXjW7t2EzYPm95x4IArGVW9ZGY5bFpU68qm2XTFWHeTZTndtLS4k+TJIENkTtb835JAiuZQSD8WBOMyAzOKfJZeZWOXAzjtFu5ubmNJ6CItu5PQJzAUTQGSNgMNDkZHS5N7AESeMN6Q0eci+AfYqw44NC/p2yMD/wEDUmVMhoZCbBS4mnPkIHlymr3I88NI2IU17bzpOYKTyuOI+SHIpHL9VSWNAdsL72iUKDX0CYWSzKPQyNn5aJvs5euP0/OWgggTZ/yJ3nZkOYV/qzkm5IaN2TpXBn0CpD7szCTGKbpnADaL4HnsGcggJ+FNy2jb9AkxMs5V8rvgnb47kNAHVu4vqj8Q74DrAbftejgFpyE= generated-by-azure",
                    "path": "/home/ubuntu/.ssh/authorized_keys"
                  }
                ]
              }
            ],
            "os_profile_secrets": [],
            "os_profile_windows_config": [],
            "plan": [],
            "primary_network_interface_id": null,
            "proximity_placement_group_id": null,
            "resource_group_name": "ciber-terraform",
            "storage_data_disk": [],
            "storage_image_reference": [
              {
                "id": "",
                "offer": "0001-com-ubuntu-server-focal",
                "publisher": "Canonical",
                "sku": "20_04-lts",
                "version": "latest"
              }
            ],
            "storage_os_disk": [
              {
                "caching": "ReadWrite",
                "create_option": "FromImage",
                "disk_size_gb": 30,
                "image_uri": "",
                "managed_disk_id": "/subscriptions/1a83802e-1293-4ed4-a813-ebb875d6a431/resourceGroups/ciber-terraform/providers/Microsoft.Compute/disks/Frontal-osdisk1",
                "managed_disk_type": "Standard_LRS",
                "name": "Frontal-osdisk1",
                "os_type": "Linux",
                "vhd_uri": "",
                "write_accelerator_enabled": false
              }
            ],
            "tags": null,
            "timeouts": null,
            "vm_size": "Standard_DS1_v2",
            "zones": null
          },
          "sensitive_attributes": [],
          "private": "eyJlMmJmYjczMC1lY2FhLTExZTYtOGY4OC0zNDM2M2JjN2M0YzAiOnsiY3JlYXRlIjozNjAwMDAwMDAwMDAwLCJkZWxldGUiOjM2MDAwMDAwMDAwMDAsInJlYWQiOjMwMDAwMDAwMDAwMCwidXBkYXRlIjozNjAwMDAwMDAwMDAwfX0=",
          "dependencies": [
            "azurerm_network_interface.http",
            "azurerm_public_ip.http",
            "azurerm_resource_group.ciber-terraform",
            "azurerm_subnet.http",
            "azurerm_virtual_network.generic"
          ]
        }
      ]
    },
    {
      "mode": "managed",
      "type": "azurerm_virtual_network",
      "name": "generic",
      "provider": "provider[\"registry.terraform.io/hashicorp/azurerm\"]",
      "instances": [
        {
          "schema_version": 0,
          "attributes": {
            "address_space": [
              "10.0.0.0/16"
            ],
            "bgp_community": "",
            "ddos_protection_plan": [],
            "dns_servers": null,
            "guid": "914298a6-d01c-4e59-a009-714098fa64ba",
            "id": "/subscriptions/1a83802e-1293-4ed4-a813-ebb875d6a431/resourceGroups/ciber-terraform/providers/Microsoft.Network/virtualNetworks/network-terraform",
            "location": "northeurope",
            "name": "network-terraform",
            "resource_group_name": "ciber-terraform",
            "subnet": [],
            "tags": null,
            "timeouts": null,
            "vm_protection_enabled": false
          },
          "sensitive_attributes": [],
          "private": "eyJlMmJmYjczMC1lY2FhLTExZTYtOGY4OC0zNDM2M2JjN2M0YzAiOnsiY3JlYXRlIjoxODAwMDAwMDAwMDAwLCJkZWxldGUiOjE4MDAwMDAwMDAwMDAsInJlYWQiOjMwMDAwMDAwMDAwMCwidXBkYXRlIjoxODAwMDAwMDAwMDAwfX0=",
          "dependencies": [
            "azurerm_resource_group.ciber-terraform"
          ]
        }
      ]
    },
    {
      "mode": "managed",
      "type": "random_string",
      "name": "resource_code",
      "provider": "provider[\"registry.terraform.io/hashicorp/random\"]",
      "instances": [
        {
          "schema_version": 1,
          "attributes": {
            "id": "f56lq",
            "keepers": null,
            "length": 5,
            "lower": true,
            "min_lower": 0,
            "min_numeric": 0,
            "min_special": 0,
            "min_upper": 0,
            "number": true,
            "override_special": null,
            "result": "f56lq",
            "special": false,
            "upper": false
          },
          "sensitive_attributes": [],
          "private": "eyJzY2hlbWFfdmVyc2lvbiI6IjEifQ=="
        }
      ]
    }
  ]
}
